
Microsoft Visual Studio Solution File, Format Version 12.00
# Visual Studio 15
VisualStudioVersion = 15.0.28010.2050
MinimumVisualStudioVersion = 10.0.40219.1
Project("{FAE04EC0-301F-11D3-BF4B-00C04F79EFBC}") = "Review-ConditionalsLoopsCollections", "Review-ConditionalsLoopsCollections\Review-ConditionalsLoopsCollections.csproj", "{55A2713C-19F6-4BF2-8F47-636DB28EC13C}"
EndProject
Project("{FAE04EC0-301F-11D3-BF4B-00C04F79EFBC}") = "Review-Methods", "Review-Methods\Review-Methods.csproj", "{80113192-08D4-450F-BF61-3FB2D6863AE4}"
EndProject
Project("{FAE04EC0-301F-11D3-BF4B-00C04F79EFBC}") = "Review-Classes", "Review-Classes\Review-Classes.csproj", "{F40AA510-B4ED-4453-9BFB-00F77F85C9FD}"
EndProject
Global
	GlobalSection(SolutionConfigurationPlatforms) = preSolution
		Debug|Any CPU = Debug|Any CPU
		Release|Any CPU = Release|Any CPU
	EndGlobalSection
	GlobalSection(ProjectConfigurationPlatforms) = postSolution
		{55A2713C-19F6-4BF2-8F47-636DB28EC13C}.Debug|Any CPU.ActiveCfg = Debug|Any CPU
		{55A2713C-19F6-4BF2-8F47-636DB28EC13C}.Debug|Any CPU.Build.0 = Debug|Any CPU
		{55A2713C-19F6-4BF2-8F47-636DB28EC13C}.Release|Any CPU.ActiveCfg = Release|Any CPU
		{55A2713C-19F6-4BF2-8F47-636DB28EC13C}.Release|Any CPU.Build.0 = Release|Any CPU
		{80113192-08D4-450F-BF61-3FB2D6863AE4}.Debug|Any CPU.ActiveCfg = Debug|Any CPU
		{80113192-08D4-450F-BF61-3FB2D6863AE4}.Debug|Any CPU.Build.0 = Debug|Any CPU
		{80113192-08D4-450F-BF61-3FB2D6863AE4}.Release|Any CPU.ActiveCfg = Release|Any CPU
		{80113192-08D4-450F-BF61-3FB2D6863AE4}.Release|Any CPU.Build.0 = Release|Any CPU
		{F40AA510-B4ED-4453-9BFB-00F77F85C9FD}.Debug|Any CPU.ActiveCfg = Debug|Any CPU
		{F40AA510-B4ED-4453-9BFB-00F77F85C9FD}.Debug|Any CPU.Build.0 = Debug|Any CPU
		{F40AA510-B4ED-4453-9BFB-00F77F85C9FD}.Release|Any CPU.ActiveCfg = Release|Any CPU
		{F40AA510-B4ED-4453-9BFB-00F77F85C9FD}.Release|Any CPU.Build.0 = Release|Any CPU
	EndGlobalSection
	GlobalSection(SolutionProperties) = preSolution
		HideSolutionNode = FALSE
	EndGlobalSection
	GlobalSection(ExtensibilityGlobals) = postSolution
		SolutionGuid = {E83F8794-D531-428B-872C-79692C05CDF3}
	EndGlobalSection
EndGlobal
